
Microsoft Visual Studio Solution File, Format Version 12.00
# Visual Studio 2012
Project("{FAE04EC0-301F-11D3-BF4B-00C04F79EFBC}") = "Sogeti.ProjectAndProposals.BusinessEntity", "Sogeti.ProjectAndProposals.BusinessEntity\Sogeti.ProjectAndProposals.BusinessEntity.csproj", "{19D1BA4E-380B-42B1-B635-8CF2742211EE}"
EndProject
Project("{FAE04EC0-301F-11D3-BF4B-00C04F79EFBC}") = "Sogeti.ProjectsAndProposals.Database", "Sogeti.ProjectAndProposals.Database\Sogeti.ProjectsAndProposals.Database.csproj", "{0D5A67B1-4497-44B3-8E9A-07C692088BBB}"
EndProject
Project("{FAE04EC0-301F-11D3-BF4B-00C04F79EFBC}") = "Sogeti.ProjectsAndProposals.DataObjects", "Sogeti.ProjectsAndProposals.DataObjects\Sogeti.ProjectsAndProposals.DataObjects.csproj", "{46DE814A-7562-4D5A-BEB5-FFD2DF91E7E3}"
EndProject
Project("{FAE04EC0-301F-11D3-BF4B-00C04F79EFBC}") = "Sogeti.ProjectsAndProposals.UserInterface", "Sogeti.ProjectsAndProposals.UserInterface\Sogeti.ProjectsAndProposals.UserInterface.csproj", "{A08147A0-560D-4C6A-A06E-7B49018FE452}"
EndProject
Project("{FAE04EC0-301F-11D3-BF4B-00C04F79EFBC}") = "Sogeti.ProjectsAndProposals.WebInterface", "Sogeti.ProjectsAndProposals.WebInterface1\Sogeti.ProjectsAndProposals.WebInterface.csproj", "{E5D8E1B1-EF97-484D-8E97-3170DE9BCD43}"
EndProject
Project("{FAE04EC0-301F-11D3-BF4B-00C04F79EFBC}") = "Sogeti.ProjectsAndProposals.UI", "Sogeti.ProjectsAndProposals.UI\Sogeti.ProjectsAndProposals.UI.csproj", "{06A53D33-9E5B-4FE2-822F-377D65BBBA40}"
EndProject
Project("{FAE04EC0-301F-11D3-BF4B-00C04F79EFBC}") = "Sogeti.ProjectsAndProposals.UI.Tests", "Sogeti.ProjectsAndProposals.UI.Tests\Sogeti.ProjectsAndProposals.UI.Tests.csproj", "{E0B44B63-65D6-49B6-A3D1-C62174441FC7}"
EndProject
Global
	GlobalSection(SolutionConfigurationPlatforms) = preSolution
		Debug|Any CPU = Debug|Any CPU
		Release|Any CPU = Release|Any CPU
	EndGlobalSection
	GlobalSection(ProjectConfigurationPlatforms) = postSolution
		{19D1BA4E-380B-42B1-B635-8CF2742211EE}.Debug|Any CPU.ActiveCfg = Debug|Any CPU
		{19D1BA4E-380B-42B1-B635-8CF2742211EE}.Debug|Any CPU.Build.0 = Debug|Any CPU
		{19D1BA4E-380B-42B1-B635-8CF2742211EE}.Release|Any CPU.ActiveCfg = Release|Any CPU
		{19D1BA4E-380B-42B1-B635-8CF2742211EE}.Release|Any CPU.Build.0 = Release|Any CPU
		{0D5A67B1-4497-44B3-8E9A-07C692088BBB}.Debug|Any CPU.ActiveCfg = Debug|Any CPU
		{0D5A67B1-4497-44B3-8E9A-07C692088BBB}.Debug|Any CPU.Build.0 = Debug|Any CPU
		{0D5A67B1-4497-44B3-8E9A-07C692088BBB}.Release|Any CPU.ActiveCfg = Release|Any CPU
		{0D5A67B1-4497-44B3-8E9A-07C692088BBB}.Release|Any CPU.Build.0 = Release|Any CPU
		{46DE814A-7562-4D5A-BEB5-FFD2DF91E7E3}.Debug|Any CPU.ActiveCfg = Debug|Any CPU
		{46DE814A-7562-4D5A-BEB5-FFD2DF91E7E3}.Debug|Any CPU.Build.0 = Debug|Any CPU
		{46DE814A-7562-4D5A-BEB5-FFD2DF91E7E3}.Release|Any CPU.ActiveCfg = Release|Any CPU
		{46DE814A-7562-4D5A-BEB5-FFD2DF91E7E3}.Release|Any CPU.Build.0 = Release|Any CPU
		{A08147A0-560D-4C6A-A06E-7B49018FE452}.Debug|Any CPU.ActiveCfg = Debug|Any CPU
		{A08147A0-560D-4C6A-A06E-7B49018FE452}.Debug|Any CPU.Build.0 = Debug|Any CPU
		{A08147A0-560D-4C6A-A06E-7B49018FE452}.Release|Any CPU.ActiveCfg = Release|Any CPU
		{A08147A0-560D-4C6A-A06E-7B49018FE452}.Release|Any CPU.Build.0 = Release|Any CPU
		{E5D8E1B1-EF97-484D-8E97-3170DE9BCD43}.Debug|Any CPU.ActiveCfg = Debug|Any CPU
		{E5D8E1B1-EF97-484D-8E97-3170DE9BCD43}.Debug|Any CPU.Build.0 = Debug|Any CPU
		{E5D8E1B1-EF97-484D-8E97-3170DE9BCD43}.Release|Any CPU.ActiveCfg = Release|Any CPU
		{E5D8E1B1-EF97-484D-8E97-3170DE9BCD43}.Release|Any CPU.Build.0 = Release|Any CPU
		{06A53D33-9E5B-4FE2-822F-377D65BBBA40}.Debug|Any CPU.ActiveCfg = Debug|Any CPU
		{06A53D33-9E5B-4FE2-822F-377D65BBBA40}.Debug|Any CPU.Build.0 = Debug|Any CPU
		{06A53D33-9E5B-4FE2-822F-377D65BBBA40}.Release|Any CPU.ActiveCfg = Release|Any CPU
		{06A53D33-9E5B-4FE2-822F-377D65BBBA40}.Release|Any CPU.Build.0 = Release|Any CPU
		{E0B44B63-65D6-49B6-A3D1-C62174441FC7}.Debug|Any CPU.ActiveCfg = Debug|Any CPU
		{E0B44B63-65D6-49B6-A3D1-C62174441FC7}.Debug|Any CPU.Build.0 = Debug|Any CPU
		{E0B44B63-65D6-49B6-A3D1-C62174441FC7}.Release|Any CPU.ActiveCfg = Release|Any CPU
		{E0B44B63-65D6-49B6-A3D1-C62174441FC7}.Release|Any CPU.Build.0 = Release|Any CPU
	EndGlobalSection
	GlobalSection(SolutionProperties) = preSolution
		HideSolutionNode = FALSE
	EndGlobalSection
EndGlobal
